
Microsoft Visual Studio Solution File, Format Version 12.00
# Visual Studio Version 17
VisualStudioVersion = 17.8.34330.188
MinimumVisualStudioVersion = 10.0.40219.1
Project("{8BC9CEB8-8B4A-11D0-8D11-00A0C91BC942}") = "Game Randomizer", "Game Randomizer.vcxproj", "{2D38E376-5B0E-4527-9276-55CD45252163}"
EndProject
Project("{54435603-DBB4-11D2-8724-00A0C9A8B90C}") = "Game Rand Setup", "..\Game Rand Setup\Game Rand Setup.vdproj", "{F420CCC4-4254-4605-A0B2-8D77BAE7C4F8}"
EndProject
Global
	GlobalSection(SolutionConfigurationPlatforms) = preSolution
		Debug|x64 = Debug|x64
		Debug|x86 = Debug|x86
		Release|x64 = Release|x64
		Release|x86 = Release|x86
	EndGlobalSection
	GlobalSection(ProjectConfigurationPlatforms) = postSolution
		{2D38E376-5B0E-4527-9276-55CD45252163}.Debug|x64.ActiveCfg = Debug|x64
		{2D38E376-5B0E-4527-9276-55CD45252163}.Debug|x64.Build.0 = Debug|x64
		{2D38E376-5B0E-4527-9276-55CD45252163}.Debug|x86.ActiveCfg = Debug|Win32
		{2D38E376-5B0E-4527-9276-55CD45252163}.Debug|x86.Build.0 = Debug|Win32
		{2D38E376-5B0E-4527-9276-55CD45252163}.Release|x64.ActiveCfg = Release|x64
		{2D38E376-5B0E-4527-9276-55CD45252163}.Release|x64.Build.0 = Release|x64
		{2D38E376-5B0E-4527-9276-55CD45252163}.Release|x86.ActiveCfg = Release|Win32
		{2D38E376-5B0E-4527-9276-55CD45252163}.Release|x86.Build.0 = Release|Win32
		{F420CCC4-4254-4605-A0B2-8D77BAE7C4F8}.Debug|x64.ActiveCfg = Debug
		{F420CCC4-4254-4605-A0B2-8D77BAE7C4F8}.Debug|x64.Build.0 = Debug
		{F420CCC4-4254-4605-A0B2-8D77BAE7C4F8}.Debug|x86.ActiveCfg = Debug
		{F420CCC4-4254-4605-A0B2-8D77BAE7C4F8}.Release|x64.ActiveCfg = Release
		{F420CCC4-4254-4605-A0B2-8D77BAE7C4F8}.Release|x86.ActiveCfg = Release
	EndGlobalSection
	GlobalSection(SolutionProperties) = preSolution
		HideSolutionNode = FALSE
	EndGlobalSection
	GlobalSection(ExtensibilityGlobals) = postSolution
		SolutionGuid = {4E040BE3-D58C-4921-A5F3-929AB982EB52}
	EndGlobalSection
EndGlobal
